
Microsoft Visual Studio Solution File, Format Version 12.00
# Visual Studio Version 17
VisualStudioVersion = 17.8.34309.116
MinimumVisualStudioVersion = 10.0.40219.1
Project("{FAE04EC0-301F-11D3-BF4B-00C04F79EFBC}") = "ContactManager", "ContactManager\ContactManager.csproj", "{EBD2AC32-16F9-4D83-867E-52BDDB4EA81E}"
EndProject
Project("{FAE04EC0-301F-11D3-BF4B-00C04F79EFBC}") = "BLL", "BLL\BLL.csproj", "{18C704A5-58C4-49B1-BEF9-720CDE475E65}"
EndProject
Project("{FAE04EC0-301F-11D3-BF4B-00C04F79EFBC}") = "DAL", "DAL\DAL.csproj", "{D468A3D9-9989-410B-8971-0655A46E73A5}"
EndProject
Global
	GlobalSection(SolutionConfigurationPlatforms) = preSolution
		Debug|Any CPU = Debug|Any CPU
		Release|Any CPU = Release|Any CPU
	EndGlobalSection
	GlobalSection(ProjectConfigurationPlatforms) = postSolution
		{EBD2AC32-16F9-4D83-867E-52BDDB4EA81E}.Debug|Any CPU.ActiveCfg = Debug|Any CPU
		{EBD2AC32-16F9-4D83-867E-52BDDB4EA81E}.Debug|Any CPU.Build.0 = Debug|Any CPU
		{EBD2AC32-16F9-4D83-867E-52BDDB4EA81E}.Release|Any CPU.ActiveCfg = Release|Any CPU
		{EBD2AC32-16F9-4D83-867E-52BDDB4EA81E}.Release|Any CPU.Build.0 = Release|Any CPU
		{18C704A5-58C4-49B1-BEF9-720CDE475E65}.Debug|Any CPU.ActiveCfg = Debug|Any CPU
		{18C704A5-58C4-49B1-BEF9-720CDE475E65}.Debug|Any CPU.Build.0 = Debug|Any CPU
		{18C704A5-58C4-49B1-BEF9-720CDE475E65}.Release|Any CPU.ActiveCfg = Release|Any CPU
		{18C704A5-58C4-49B1-BEF9-720CDE475E65}.Release|Any CPU.Build.0 = Release|Any CPU
		{D468A3D9-9989-410B-8971-0655A46E73A5}.Debug|Any CPU.ActiveCfg = Debug|Any CPU
		{D468A3D9-9989-410B-8971-0655A46E73A5}.Debug|Any CPU.Build.0 = Debug|Any CPU
		{D468A3D9-9989-410B-8971-0655A46E73A5}.Release|Any CPU.ActiveCfg = Release|Any CPU
		{D468A3D9-9989-410B-8971-0655A46E73A5}.Release|Any CPU.Build.0 = Release|Any CPU
	EndGlobalSection
	GlobalSection(SolutionProperties) = preSolution
		HideSolutionNode = FALSE
	EndGlobalSection
	GlobalSection(ExtensibilityGlobals) = postSolution
		SolutionGuid = {C0027563-3BF1-41FB-ABE9-E62761273B3F}
	EndGlobalSection
EndGlobal
